
Microsoft Visual Studio Solution File, Format Version 12.00
# Visual Studio Version 17
VisualStudioVersion = 17.0.31919.166
MinimumVisualStudioVersion = 10.0.40219.1
Project("{9A19103F-16F7-4668-BE54-9A1E7A4F7556}") = "DietSLi", "DietSLi\DietSLi.csproj", "{BF306BE3-9390-4A9C-A0BC-6B3AF906EA1E}"
EndProject
Global
	GlobalSection(SolutionConfigurationPlatforms) = preSolution
		Debug|Any CPU = Debug|Any CPU
		Release|Any CPU = Release|Any CPU
	EndGlobalSection
	GlobalSection(ProjectConfigurationPlatforms) = postSolution
		{BF306BE3-9390-4A9C-A0BC-6B3AF906EA1E}.Debug|Any CPU.ActiveCfg = Debug|Any CPU
		{BF306BE3-9390-4A9C-A0BC-6B3AF906EA1E}.Debug|Any CPU.Build.0 = Debug|Any CPU
		{BF306BE3-9390-4A9C-A0BC-6B3AF906EA1E}.Release|Any CPU.ActiveCfg = Release|Any CPU
		{BF306BE3-9390-4A9C-A0BC-6B3AF906EA1E}.Release|Any CPU.Build.0 = Release|Any CPU
	EndGlobalSection
	GlobalSection(SolutionProperties) = preSolution
		HideSolutionNode = FALSE
	EndGlobalSection
	GlobalSection(ExtensibilityGlobals) = postSolution
		SolutionGuid = {0F69128F-C0EA-455C-BA21-4EA2836FD5E0}
	EndGlobalSection
EndGlobal
